
Microsoft Visual Studio Solution File, Format Version 12.00
# Visual Studio 15
VisualStudioVersion = 15.0.28307.168
MinimumVisualStudioVersion = 10.0.40219.1
Project("{FAE04EC0-301F-11D3-BF4B-00C04F79EFBC}") = "ComicBookStoreNew", "ComicBookStoreNew\ComicBookStoreNew.csproj", "{B379FBC9-1CBD-4339-96E2-D61978C4636E}"
EndProject
Global
	GlobalSection(SolutionConfigurationPlatforms) = preSolution
		Debug|Any CPU = Debug|Any CPU
		Release|Any CPU = Release|Any CPU
	EndGlobalSection
	GlobalSection(ProjectConfigurationPlatforms) = postSolution
		{B379FBC9-1CBD-4339-96E2-D61978C4636E}.Debug|Any CPU.ActiveCfg = Debug|Any CPU
		{B379FBC9-1CBD-4339-96E2-D61978C4636E}.Debug|Any CPU.Build.0 = Debug|Any CPU
		{B379FBC9-1CBD-4339-96E2-D61978C4636E}.Release|Any CPU.ActiveCfg = Release|Any CPU
		{B379FBC9-1CBD-4339-96E2-D61978C4636E}.Release|Any CPU.Build.0 = Release|Any CPU
	EndGlobalSection
	GlobalSection(SolutionProperties) = preSolution
		HideSolutionNode = FALSE
	EndGlobalSection
	GlobalSection(ExtensibilityGlobals) = postSolution
		SolutionGuid = {54BB2F9C-C300-45BA-85DE-241BEDB04110}
	EndGlobalSection
EndGlobal
